// !$*UTF8*$!
{
	archiveVersion = 1;
	classes = {
	};
	objectVersion = 46;
	objects = {

/* Begin PBXBuildFile section */
		EA315A1A1C23027D001A2A64 /* AppDelegate.swift in Sources */ = {isa = PBXBuildFile; fileRef = EA315A191C23027D001A2A64 /* AppDelegate.swift */; };
		EA315A1C1C23027D001A2A64 /* ViewController.swift in Sources */ = {isa = PBXBuildFile; fileRef = EA315A1B1C23027D001A2A64 /* ViewController.swift */; };
		EA315A1F1C23027D001A2A64 /* Main.storyboard in Resources */ = {isa = PBXBuildFile; fileRef = EA315A1D1C23027D001A2A64 /* Main.storyboard */; };
		EA315A211C23027D001A2A64 /* Assets.xcassets in Resources */ = {isa = PBXBuildFile; fileRef = EA315A201C23027D001A2A64 /* Assets.xcassets */; };
		EA315A241C23027D001A2A64 /* LaunchScreen.storyboard in Resources */ = {isa = PBXBuildFile; fileRef = EA315A221C23027D001A2A64 /* LaunchScreen.storyboard */; };
		EA315A2F1C23027D001A2A64 /* SingletonPatternTests.swift in Sources */ = {isa = PBXBuildFile; fileRef = EA315A2E1C23027D001A2A64 /* SingletonPatternTests.swift */; };
		EA315A3A1C23027D001A2A64 /* SingletonPatternUITests.swift in Sources */ = {isa = PBXBuildFile; fileRef = EA315A391C23027D001A2A64 /* SingletonPatternUITests.swift */; };
		EA315A491C2302BD001A2A64 /* BoardGameManager.swift in Sources */ = {isa = PBXBuildFile; fileRef = EA315A481C2302BD001A2A64 /* BoardGameManager.swift */; };
		EA315A4A1C2302BD001A2A64 /* BoardGameManager.swift in Sources */ = {isa = PBXBuildFile; fileRef = EA315A481C2302BD001A2A64 /* BoardGameManager.swift */; };
		EA315A4B1C2302BD001A2A64 /* BoardGameManager.swift in Sources */ = {isa = PBXBuildFile; fileRef = EA315A481C2302BD001A2A64 /* BoardGameManager.swift */; };
/* End PBXBuildFile section */

/* Begin PBXContainerItemProxy section */
		EA315A2B1C23027D001A2A64 /* PBXContainerItemProxy */ = {
			isa = PBXContainerItemProxy;
			containerPortal = EA315A0E1C23027D001A2A64 /* Project object */;
			proxyType = 1;
			remoteGlobalIDString = EA315A151C23027D001A2A64;
			remoteInfo = SingletonPattern;
		};
		EA315A361C23027D001A2A64 /* PBXContainerItemProxy */ = {
			isa = PBXContainerItemProxy;
			containerPortal = EA315A0E1C23027D001A2A64 /* Project object */;
			proxyType = 1;
			remoteGlobalIDString = EA315A151C23027D001A2A64;
			remoteInfo = SingletonPattern;
		};
/* End PBXContainerItemProxy section */

/* Begin PBXFileReference section */
		EA315A161C23027D001A2A64 /* SingletonPattern.app */ = {isa = PBXFileReference; explicitFileType = wrapper.application; includeInIndex = 0; path = SingletonPattern.app; sourceTree = BUILT_PRODUCTS_DIR; };
		EA315A191C23027D001A2A64 /* AppDelegate.swift */ = {isa = PBXFileReference; lastKnownFileType = sourcecode.swift; path = AppDelegate.swift; sourceTree = "<group>"; };
		EA315A1B1C23027D001A2A64 /* ViewController.swift */ = {isa = PBXFileReference; lastKnownFileType = sourcecode.swift; path = ViewController.swift; sourceTree = "<group>"; };
		EA315A1E1C23027D001A2A64 /* Base */ = {isa = PBXFileReference; lastKnownFileType = file.storyboard; name = Base; path = Base.lproj/Main.storyboard; sourceTree = "<group>"; };
		EA315A201C23027D001A2A64 /* Assets.xcassets */ = {isa = PBXFileReference; lastKnownFileType = folder.assetcatalog; path = Assets.xcassets; sourceTree = "<group>"; };
		EA315A231C23027D001A2A64 /* Base */ = {isa = PBXFileReference; lastKnownFileType = file.storyboard; name = Base; path = Base.lproj/LaunchScreen.storyboard; sourceTree = "<group>"; };
		EA315A251C23027D001A2A64 /* Info.plist */ = {isa = PBXFileReference; lastKnownFileType = text.plist.xml; path = Info.plist; sourceTree = "<group>"; };
		EA315A2A1C23027D001A2A64 /* SingletonPatternTests.xctest */ = {isa = PBXFileReference; explicitFileType = wrapper.cfbundle; includeInIndex = 0; path = SingletonPatternTests.xctest; sourceTree = BUILT_PRODUCTS_DIR; };
		EA315A2E1C23027D001A2A64 /* SingletonPatternTests.swift */ = {isa = PBXFileReference; lastKnownFileType = sourcecode.swift; path = SingletonPatternTests.swift; sourceTree = "<group>"; };
		EA315A301C23027D001A2A64 /* Info.plist */ = {isa = PBXFileReference; lastKnownFileType = text.plist.xml; path = Info.plist; sourceTree = "<group>"; };
		EA315A351C23027D001A2A64 /* SingletonPatternUITests.xctest */ = {isa = PBXFileReference; explicitFileType = wrapper.cfbundle; includeInIndex = 0; path = SingletonPatternUITests.xctest; sourceTree = BUILT_PRODUCTS_DIR; };
		EA315A391C23027D001A2A64 /* SingletonPatternUITests.swift */ = {isa = PBXFileReference; lastKnownFileType = sourcecode.swift; path = SingletonPatternUITests.swift; sourceTree = "<group>"; };
		EA315A3B1C23027D001A2A64 /* Info.plist */ = {isa = PBXFileReference; lastKnownFileType = text.plist.xml; path = Info.plist; sourceTree = "<group>"; };
		EA315A481C2302BD001A2A64 /* BoardGameManager.swift */ = {isa = PBXFileReference; fileEncoding = 4; lastKnownFileType = sourcecode.swift; path = BoardGameManager.swift; sourceTree = "<group>"; };
/* End PBXFileReference section */

/* Begin PBXFrameworksBuildPhase section */
		EA315A131C23027D001A2A64 /* Frameworks */ = {
			isa = PBXFrameworksBuildPhase;
			buildActionMask = 2147483647;
			files = (
			);
			runOnlyForDeploymentPostprocessing = 0;
		};
		EA315A271C23027D001A2A64 /* Frameworks */ = {
			isa = PBXFrameworksBuildPhase;
			buildActionMask = 2147483647;
			files = (
			);
			runOnlyForDeploymentPostprocessing = 0;
		};
		EA315A321C23027D001A2A64 /* Frameworks */ = {
			isa = PBXFrameworksBuildPhase;
			buildActionMask = 2147483647;
			files = (
			);
			runOnlyForDeploymentPostprocessing = 0;
		};
/* End PBXFrameworksBuildPhase section */

/* Begin PBXGroup section */
		EA315A0D1C23027D001A2A64 = {
			isa = PBXGroup;
			children = (
				EA315A181C23027D001A2A64 /* SingletonPattern */,
				EA315A2D1C23027D001A2A64 /* SingletonPatternTests */,
				EA315A381C23027D001A2A64 /* SingletonPatternUITests */,
				EA315A171C23027D001A2A64 /* Products */,
			);
			sourceTree = "<group>";
		};
		EA315A171C23027D001A2A64 /* Products */ = {
			isa = PBXGroup;
			children = (
				EA315A161C23027D001A2A64 /* SingletonPattern.app */,
				EA315A2A1C23027D001A2A64 /* SingletonPatternTests.xctest */,
				EA315A351C23027D001A2A64 /* SingletonPatternUITests.xctest */,
			);
			name = Products;
			sourceTree = "<group>";
		};
		EA315A181C23027D001A2A64 /* SingletonPattern */ = {
			isa = PBXGroup;
			children = (
				EA315A191C23027D001A2A64 /* AppDelegate.swift */,
				EA315A1B1C23027D001A2A64 /* ViewController.swift */,
				EA315A471C230291001A2A64 /* Model */,
				EA315A1D1C23027D001A2A64 /* Main.storyboard */,
				EA315A201C23027D001A2A64 /* Assets.xcassets */,
				EA315A221C23027D001A2A64 /* LaunchScreen.storyboard */,
				EA315A251C23027D001A2A64 /* Info.plist */,
			);
			path = SingletonPattern;
			sourceTree = "<group>";
		};
		EA315A2D1C23027D001A2A64 /* SingletonPatternTests */ = {
			isa = PBXGroup;
			children = (
				EA315A2E1C23027D001A2A64 /* SingletonPatternTests.swift */,
				EA315A301C23027D001A2A64 /* Info.plist */,
			);
			path = SingletonPatternTests;
			sourceTree = "<group>";
		};
		EA315A381C23027D001A2A64 /* SingletonPatternUITests */ = {
			isa = PBXGroup;
			children = (
				EA315A391C23027D001A2A64 /* SingletonPatternUITests.swift */,
				EA315A3B1C23027D001A2A64 /* Info.plist */,
			);
			path = SingletonPatternUITests;
			sourceTree = "<group>";
		};
		EA315A471C230291001A2A64 /* Model */ = {
			isa = PBXGroup;
			children = (
				EA315A481C2302BD001A2A64 /* BoardGameManager.swift */,
			);
			path = Model;
			sourceTree = "<group>";
		};
/* End PBXGroup section */

/* Begin PBXNativeTarget section */
		EA315A151C23027D001A2A64 /* SingletonPattern */ = {
			isa = PBXNativeTarget;
			buildConfigurationList = EA315A3E1C23027D001A2A64 /* Build configuration list for PBXNativeTarget "SingletonPattern" */;
			buildPhases = (
				EA315A121C23027D001A2A64 /* Sources */,
				EA315A131C23027D001A2A64 /* Frameworks */,
				EA315A141C23027D001A2A64 /* Resources */,
			);
			buildRules = (
			);
			dependencies = (
			);
			name = SingletonPattern;
			productName = SingletonPattern;
			productReference = EA315A161C23027D001A2A64 /* SingletonPattern.app */;
			productType = "com.apple.product-type.application";
		};
		EA315A291C23027D001A2A64 /* SingletonPatternTests */ = {
			isa = PBXNativeTarget;
			buildConfigurationList = EA315A411C23027D001A2A64 /* Build configuration list for PBXNativeTarget "SingletonPatternTests" */;
			buildPhases = (
				EA315A261C23027D001A2A64 /* Sources */,
				EA315A271C23027D001A2A64 /* Frameworks */,
				EA315A281C23027D001A2A64 /* Resources */,
			);
			buildRules = (
			);
			dependencies = (
				EA315A2C1C23027D001A2A64 /* PBXTargetDependency */,
			);
			name = SingletonPatternTests;
			productName = SingletonPatternTests;
			productReference = EA315A2A1C23027D001A2A64 /* SingletonPatternTests.xctest */;
			productType = "com.apple.product-type.bundle.unit-test";
		};
		EA315A341C23027D001A2A64 /* SingletonPatternUITests */ = {
			isa = PBXNativeTarget;
			buildConfigurationList = EA315A441C23027D001A2A64 /* Build configuration list for PBXNativeTarget "SingletonPatternUITests" */;
			buildPhases = (
				EA315A311C23027D001A2A64 /* Sources */,
				EA315A321C23027D001A2A64 /* Frameworks */,
				EA315A331C23027D001A2A64 /* Resources */,
			);
			buildRules = (
			);
			dependencies = (
				EA315A371C23027D001A2A64 /* PBXTargetDependency */,
			);
			name = SingletonPatternUITests;
			productName = SingletonPatternUITests;
			productReference = EA315A351C23027D001A2A64 /* SingletonPatternUITests.xctest */;
			productType = "com.apple.product-type.bundle.ui-testing";
		};
/* End PBXNativeTarget section */

/* Begin PBXProject section */
		EA315A0E1C23027D001A2A64 /* Project object */ = {
			isa = PBXProject;
			attributes = {
				LastSwiftUpdateCheck = 0720;
				LastUpgradeCheck = 0720;
				ORGANIZATIONNAME = "Jesus Antonio Gil";
				TargetAttributes = {
					EA315A151C23027D001A2A64 = {
						CreatedOnToolsVersion = 7.2;
						DevelopmentTeam = 4JRP4V69AV;
					};
					EA315A291C23027D001A2A64 = {
						CreatedOnToolsVersion = 7.2;
						DevelopmentTeam = 4JRP4V69AV;
						TestTargetID = EA315A151C23027D001A2A64;
					};
					EA315A341C23027D001A2A64 = {
						CreatedOnToolsVersion = 7.2;
						DevelopmentTeam = 4JRP4V69AV;
						TestTargetID = EA315A151C23027D001A2A64;
					};
				};
			};
			buildConfigurationList = EA315A111C23027D001A2A64 /* Build configuration list for PBXProject "SingletonPattern" */;
			compatibilityVersion = "Xcode 3.2";
			developmentRegion = English;
			hasScannedForEncodings = 0;
			knownRegions = (
				en,
				Base,
			);
			mainGroup = EA315A0D1C23027D001A2A64;
			productRefGroup = EA315A171C23027D001A2A64 /* Products */;
			projectDirPath = "";
			projectRoot = "";
			targets = (
				EA315A151C23027D001A2A64 /* SingletonPattern */,
				EA315A291C23027D001A2A64 /* SingletonPatternTests */,
				EA315A341C23027D001A2A64 /* SingletonPatternUITests */,
			);
		};
/* End PBXProject section */

/* Begin PBXResourcesBuildPhase section */
		EA315A141C23027D001A2A64 /* Resources */ = {
			isa = PBXResourcesBuildPhase;
			buildActionMask = 2147483647;
			files = (
				EA315A241C23027D001A2A64 /* LaunchScreen.storyboard in Resources */,
				EA315A211C23027D001A2A64 /* Assets.xcassets in Resources */,
				EA315A1F1C23027D001A2A64 /* Main.storyboard in Resources */,
			);
			runOnlyForDeploymentPostprocessing = 0;
		};
		EA315A281C23027D001A2A64 /* Resources */ = {
			isa = PBXResourcesBuildPhase;
			buildActionMask = 2147483647;
			files = (
			);
			runOnlyForDeploymentPostprocessing = 0;
		};
		EA315A331C23027D001A2A64 /* Resources */ = {
			isa = PBXResourcesBuildPhase;
			buildActionMask = 2147483647;
			files = (
			);
			runOnlyForDeploymentPostprocessing = 0;
		};
/* End PBXResourcesBuildPhase section */

/* Begin PBXSourcesBuildPhase section */
		EA315A121C23027D001A2A64 /* Sources */ = {
			isa = PBXSourcesBuildPhase;
			buildActionMask = 2147483647;
			files = (
				EA315A491C2302BD001A2A64 /* BoardGameManager.swift in Sources */,
				EA315A1C1C23027D001A2A64 /* ViewController.swift in Sources */,
				EA315A1A1C23027D001A2A64 /* AppDelegate.swift in Sources */,
			);
			runOnlyForDeploymentPostprocessing = 0;
		};
		EA315A261C23027D001A2A64 /* Sources */ = {
			isa = PBXSourcesBuildPhase;
			buildActionMask = 2147483647;
			files = (
				EA315A4A1C2302BD001A2A64 /* BoardGameManager.swift in Sources */,
				EA315A2F1C23027D001A2A64 /* SingletonPatternTests.swift in Sources */,
			);
			runOnlyForDeploymentPostprocessing = 0;
		};
		EA315A311C23027D001A2A64 /* Sources */ = {
			isa = PBXSourcesBuildPhase;
			buildActionMask = 2147483647;
			files = (
				EA315A4B1C2302BD001A2A64 /* BoardGameManager.swift in Sources */,
				EA315A3A1C23027D001A2A64 /* SingletonPatternUITests.swift in Sources */,
			);
			runOnlyForDeploymentPostprocessing = 0;
		};
/* End PBXSourcesBuildPhase section */

/* Begin PBXTargetDependency section */
		EA315A2C1C23027D001A2A64 /* PBXTargetDependency */ = {
			isa = PBXTargetDependency;
			target = EA315A151C23027D001A2A64 /* SingletonPattern */;
			targetProxy = EA315A2B1C23027D001A2A64 /* PBXContainerItemProxy */;
		};
		EA315A371C23027D001A2A64 /* PBXTargetDependency */ = {
			isa = PBXTargetDependency;
			target = EA315A151C23027D001A2A64 /* SingletonPattern */;
			targetProxy = EA315A361C23027D001A2A64 /* PBXContainerItemProxy */;
		};
/* End PBXTargetDependency section */

/* Begin PBXVariantGroup section */
		EA315A1D1C23027D001A2A64 /* Main.storyboard */ = {
			isa = PBXVariantGroup;
			children = (
				EA315A1E1C23027D001A2A64 /* Base */,
			);
			name = Main.storyboard;
			sourceTree = "<group>";
		};
		EA315A221C23027D001A2A64 /* LaunchScreen.storyboard */ = {
			isa = PBXVariantGroup;
			children = (
				EA315A231C23027D001A2A64 /* Base */,
			);
			name = LaunchScreen.storyboard;
			sourceTree = "<group>";
		};
/* End PBXVariantGroup section */

/* Begin XCBuildConfiguration section */
		EA315A3C1C23027D001A2A64 /* Debug */ = {
			isa = XCBuildConfiguration;
			buildSettings = {
				ALWAYS_SEARCH_USER_PATHS = NO;
				CLANG_CXX_LANGUAGE_STANDARD = "gnu++0x";
				CLANG_CXX_LIBRARY = "libc++";
				CLANG_ENABLE_MODULES = YES;
				CLANG_ENABLE_OBJC_ARC = YES;
				CLANG_WARN_BOOL_CONVERSION = YES;
				CLANG_WARN_CONSTANT_CONVERSION = YES;
				CLANG_WARN_DIRECT_OBJC_ISA_USAGE = YES_ERROR;
				CLANG_WARN_EMPTY_BODY = YES;
				CLANG_WARN_ENUM_CONVERSION = YES;
				CLANG_WARN_INT_CONVERSION = YES;
				CLANG_WARN_OBJC_ROOT_CLASS = YES_ERROR;
				CLANG_WARN_UNREACHABLE_CODE = YES;
				CLANG_WARN__DUPLICATE_METHOD_MATCH = YES;
				"CODE_SIGN_IDENTITY[sdk=iphoneos*]" = "iPhone Developer";
				COPY_PHASE_STRIP = NO;
				DEBUG_INFORMATION_FORMAT = dwarf;
				ENABLE_STRICT_OBJC_MSGSEND = YES;
				ENABLE_TESTABILITY = YES;
				GCC_C_LANGUAGE_STANDARD = gnu99;
				GCC_DYNAMIC_NO_PIC = NO;
				GCC_NO_COMMON_BLOCKS = YES;
				GCC_OPTIMIZATION_LEVEL = 0;
				GCC_PREPROCESSOR_DEFINITIONS = (
					"DEBUG=1",
					"$(inherited)",
				);
				GCC_WARN_64_TO_32_BIT_CONVERSION = YES;
				GCC_WARN_ABOUT_RETURN_TYPE = YES_ERROR;
				GCC_WARN_UNDECLARED_SELECTOR = YES;
				GCC_WARN_UNINITIALIZED_AUTOS = YES_AGGRESSIVE;
				GCC_WARN_UNUSED_FUNCTION = YES;
				GCC_WARN_UNUSED_VARIABLE = YES;
				IPHONEOS_DEPLOYMENT_TARGET = 9.2;
				MTL_ENABLE_DEBUG_INFO = YES;
				ONLY_ACTIVE_ARCH = YES;
				SDKROOT = iphoneos;
				SWIFT_OPTIMIZATION_LEVEL = "-Onone";
			};
			name = Debug;
		};
		EA315A3D1C23027D001A2A64 /* Release */ = {
			isa = XCBuildConfiguration;
			buildSettings = {
				ALWAYS_SEARCH_USER_PATHS = NO;
				CLANG_CXX_LANGUAGE_STANDARD = "gnu++0x";
				CLANG_CXX_LIBRARY = "libc++";
				CLANG_ENABLE_MODULES = YES;
				CLANG_ENABLE_OBJC_ARC = YES;
				CLANG_WARN_BOOL_CONVERSION = YES;
				CLANG_WARN_CONSTANT_CONVERSION = YES;
				CLANG_WARN_DIRECT_OBJC_ISA_USAGE = YES_ERROR;
				CLANG_WARN_EMPTY_BODY = YES;
				CLANG_WARN_ENUM_CONVERSION = YES;
				CLANG_WARN_INT_CONVERSION = YES;
				CLANG_WARN_OBJC_ROOT_CLASS = YES_ERROR;
				CLANG_WARN_UNREACHABLE_CODE = YES;
				CLANG_WARN__DUPLICATE_METHOD_MATCH = YES;
				"CODE_SIGN_IDENTITY[sdk=iphoneos*]" = "iPhone Developer";
				COPY_PHASE_STRIP = NO;
				DEBUG_INFORMATION_FORMAT = "dwarf-with-dsym";
				ENABLE_NS_ASSERTIONS = NO;
				ENABLE_STRICT_OBJC_MSGSEND = YES;
				GCC_C_LANGUAGE_STANDARD = gnu99;
				GCC_NO_COMMON_BLOCKS = YES;
				GCC_WARN_64_TO_32_BIT_CONVERSION = YES;
				GCC_WARN_ABOUT_RETURN_TYPE = YES_ERROR;
				GCC_WARN_UNDECLARED_SELECTOR = YES;
				GCC_WARN_UNINITIALIZED_AUTOS = YES_AGGRESSIVE;
				GCC_WARN_UNUSED_FUNCTION = YES;
				GCC_WARN_UNUSED_VARIABLE = YES;
				IPHONEOS_DEPLOYMENT_TARGET = 9.2;
				MTL_ENABLE_DEBUG_INFO = NO;
				SDKROOT = iphoneos;
				VALIDATE_PRODUCT = YES;
			};
			name = Release;
		};
		EA315A3F1C23027D001A2A64 /* Debug */ = {
			isa = XCBuildConfiguration;
			buildSettings = {
				ASSETCATALOG_COMPILER_APPICON_NAME = AppIcon;
				INFOPLIST_FILE = SingletonPattern/Info.plist;
				LD_RUNPATH_SEARCH_PATHS = "$(inherited) @executable_path/Frameworks";
				PRODUCT_BUNDLE_IDENTIFIER = com.jag.SingletonPattern;
				PRODUCT_NAME = "$(TARGET_NAME)";
			};
			name = Debug;
		};
		EA315A401C23027D001A2A64 /* Release */ = {
			isa = XCBuildConfiguration;
			buildSettings = {
				ASSETCATALOG_COMPILER_APPICON_NAME = AppIcon;
				INFOPLIST_FILE = SingletonPattern/Info.plist;
				LD_RUNPATH_SEARCH_PATHS = "$(inherited) @executable_path/Frameworks";
				PRODUCT_BUNDLE_IDENTIFIER = com.jag.SingletonPattern;
				PRODUCT_NAME = "$(TARGET_NAME)";
			};
			name = Release;
		};
		EA315A421C23027D001A2A64 /* Debug */ = {
			isa = XCBuildConfiguration;
			buildSettings = {
				BUNDLE_LOADER = "$(TEST_HOST)";
				INFOPLIST_FILE = SingletonPatternTests/Info.plist;
				LD_RUNPATH_SEARCH_PATHS = "$(inherited) @executable_path/Frameworks @loader_path/Frameworks";
				PRODUCT_BUNDLE_IDENTIFIER = com.jag.SingletonPatternTests;
				PRODUCT_NAME = "$(TARGET_NAME)";
				TEST_HOST = "$(BUILT_PRODUCTS_DIR)/SingletonPattern.app/SingletonPattern";
			};
			name = Debug;
		};
		EA315A431C23027D001A2A64 /* Release */ = {
			isa = XCBuildConfiguration;
			buildSettings = {
				BUNDLE_LOADER = "$(TEST_HOST)";
				INFOPLIST_FILE = SingletonPatternTests/Info.plist;
				LD_RUNPATH_SEARCH_PATHS = "$(inherited) @executable_path/Frameworks @loader_path/Frameworks";
				PRODUCT_BUNDLE_IDENTIFIER = com.jag.SingletonPatternTests;
				PRODUCT_NAME = "$(TARGET_NAME)";
				TEST_HOST = "$(BUILT_PRODUCTS_DIR)/SingletonPattern.app/SingletonPattern";
			};
			name = Release;
		};
		EA315A451C23027D001A2A64 /* Debug */ = {
			isa = XCBuildConfiguration;
			buildSettings = {
				INFOPLIST_FILE = SingletonPatternUITests/Info.plist;
				LD_RUNPATH_SEARCH_PATHS = "$(inherited) @executable_path/Frameworks @loader_path/Frameworks";
				PRODUCT_BUNDLE_IDENTIFIER = com.jag.SingletonPatternUITests;
				PRODUCT_NAME = "$(TARGET_NAME)";
				TEST_TARGET_NAME = SingletonPattern;
				USES_XCTRUNNER = YES;
			};
			name = Debug;
		};
		EA315A461C23027D001A2A64 /* Release */ = {
			isa = XCBuildConfiguration;
			buildSettings = {
				INFOPLIST_FILE = SingletonPatternUITests/Info.plist;
				LD_RUNPATH_SEARCH_PATHS = "$(inherited) @executable_path/Frameworks @loader_path/Frameworks";
				PRODUCT_BUNDLE_IDENTIFIER = com.jag.SingletonPatternUITests;
				PRODUCT_NAME = "$(TARGET_NAME)";
				TEST_TARGET_NAME = SingletonPattern;
				USES_XCTRUNNER = YES;
			};
			name = Release;
		};
/* End XCBuildConfiguration section */

/* Begin XCConfigurationList section */
		EA315A111C23027D001A2A64 /* Build configuration list for PBXProject "SingletonPattern" */ = {
			isa = XCConfigurationList;
			buildConfigurations = (
				EA315A3C1C23027D001A2A64 /* Debug */,
				EA315A3D1C23027D001A2A64 /* Release */,
			);
			defaultConfigurationIsVisible = 0;
			defaultConfigurationName = Release;
		};
		EA315A3E1C23027D001A2A64 /* Build configuration list for PBXNativeTarget "SingletonPattern" */ = {
			isa = XCConfigurationList;
			buildConfigurations = (
				EA315A3F1C23027D001A2A64 /* Debug */,
				EA315A401C23027D001A2A64 /* Release */,
			);
			defaultConfigurationIsVisible = 0;
		};
		EA315A411C23027D001A2A64 /* Build configuration list for PBXNativeTarget "SingletonPatternTests" */ = {
			isa = XCConfigurationList;
			buildConfigurations = (
				EA315A421C23027D001A2A64 /* Debug */,
				EA315A431C23027D001A2A64 /* Release */,
			);
			defaultConfigurationIsVisible = 0;
		};
		EA315A441C23027D001A2A64 /* Build configuration list for PBXNativeTarget "SingletonPatternUITests" */ = {
			isa = XCConfigurationList;
			buildConfigurations = (
				EA315A451C23027D001A2A64 /* Debug */,
				EA315A461C23027D001A2A64 /* Release */,
			);
			defaultConfigurationIsVisible = 0;
		};
/* End XCConfigurationList section */
	};
	rootObject = EA315A0E1C23027D001A2A64 /* Project object */;
}
